
Microsoft Visual Studio Solution File, Format Version 12.00
# Visual Studio Version 16
VisualStudioVersion = 16.0.30503.244
MinimumVisualStudioVersion = 10.0.40219.1
Project("{9A19103F-16F7-4668-BE54-9A1E7A4F7556}") = "EmpowerApi", "EmpowerApi\EmpowerApi.csproj", "{DACBDB76-910A-4838-BEA2-AB11D598BC27}"
EndProject
Project("{9A19103F-16F7-4668-BE54-9A1E7A4F7556}") = "EmpowerClient", "EmpowerClient\EmpowerClient.csproj", "{8F016A82-09BC-4465-BC7B-15F3381D5BDD}"
EndProject
Project("{2150E333-8FDC-42A3-9474-1A3956D46DE8}") = "SampleFiles", "SampleFiles", "{403B4808-A368-4CFD-8283-DF60D94E5BF0}"
	ProjectSection(SolutionItems) = preProject
		SampleFiles\test.mpw = SampleFiles\test.mpw
	EndProjectSection
EndProject
Project("{FAE04EC0-301F-11D3-BF4B-00C04F79EFBC}") = "Empower", "Empower\Empower.csproj", "{879E060B-F324-42D8-882B-31C3ADE3B427}"
EndProject
Global
	GlobalSection(SolutionConfigurationPlatforms) = preSolution
		Debug|Any CPU = Debug|Any CPU
		Release|Any CPU = Release|Any CPU
	EndGlobalSection
	GlobalSection(ProjectConfigurationPlatforms) = postSolution
		{DACBDB76-910A-4838-BEA2-AB11D598BC27}.Debug|Any CPU.ActiveCfg = Debug|Any CPU
		{DACBDB76-910A-4838-BEA2-AB11D598BC27}.Debug|Any CPU.Build.0 = Debug|Any CPU
		{DACBDB76-910A-4838-BEA2-AB11D598BC27}.Release|Any CPU.ActiveCfg = Release|Any CPU
		{DACBDB76-910A-4838-BEA2-AB11D598BC27}.Release|Any CPU.Build.0 = Release|Any CPU
		{8F016A82-09BC-4465-BC7B-15F3381D5BDD}.Debug|Any CPU.ActiveCfg = Debug|Any CPU
		{8F016A82-09BC-4465-BC7B-15F3381D5BDD}.Debug|Any CPU.Build.0 = Debug|Any CPU
		{8F016A82-09BC-4465-BC7B-15F3381D5BDD}.Release|Any CPU.ActiveCfg = Release|Any CPU
		{8F016A82-09BC-4465-BC7B-15F3381D5BDD}.Release|Any CPU.Build.0 = Release|Any CPU
		{879E060B-F324-42D8-882B-31C3ADE3B427}.Debug|Any CPU.ActiveCfg = Debug|Any CPU
		{879E060B-F324-42D8-882B-31C3ADE3B427}.Debug|Any CPU.Build.0 = Debug|Any CPU
		{879E060B-F324-42D8-882B-31C3ADE3B427}.Release|Any CPU.ActiveCfg = Release|Any CPU
		{879E060B-F324-42D8-882B-31C3ADE3B427}.Release|Any CPU.Build.0 = Release|Any CPU
	EndGlobalSection
	GlobalSection(SolutionProperties) = preSolution
		HideSolutionNode = FALSE
	EndGlobalSection
	GlobalSection(ExtensibilityGlobals) = postSolution
		SolutionGuid = {CB2FFD24-07B2-4043-8F6E-B7E82E5AA5A7}
	EndGlobalSection
EndGlobal
